
Microsoft Visual Studio Solution File, Format Version 12.00
# Visual Studio Version 16
VisualStudioVersion = 16.0.29613.14
MinimumVisualStudioVersion = 10.0.40219.1
Project("{FAE04EC0-301F-11D3-BF4B-00C04F79EFBC}") = "Testt", "Testt\Testt.csproj", "{DBFCDA2B-1578-4DB3-A8E4-EBADE25C3B41}"
EndProject
Global
	GlobalSection(SolutionConfigurationPlatforms) = preSolution
		Debug|Any CPU = Debug|Any CPU
		Release|Any CPU = Release|Any CPU
	EndGlobalSection
	GlobalSection(ProjectConfigurationPlatforms) = postSolution
		{DBFCDA2B-1578-4DB3-A8E4-EBADE25C3B41}.Debug|Any CPU.ActiveCfg = Debug|Any CPU
		{DBFCDA2B-1578-4DB3-A8E4-EBADE25C3B41}.Debug|Any CPU.Build.0 = Debug|Any CPU
		{DBFCDA2B-1578-4DB3-A8E4-EBADE25C3B41}.Release|Any CPU.ActiveCfg = Release|Any CPU
		{DBFCDA2B-1578-4DB3-A8E4-EBADE25C3B41}.Release|Any CPU.Build.0 = Release|Any CPU
	EndGlobalSection
	GlobalSection(SolutionProperties) = preSolution
		HideSolutionNode = FALSE
	EndGlobalSection
	GlobalSection(ExtensibilityGlobals) = postSolution
		SolutionGuid = {63ECCA70-34C8-4370-B3A0-C0C0DAC745B3}
	EndGlobalSection
EndGlobal
